
Microsoft Visual Studio Solution File, Format Version 12.00
# Visual Studio 15
Project("{FAE04EC0-301F-11D3-BF4B-00C04F79EFBC}") = "Assembly-CSharp", "Assembly-CSharp.csproj", "{9229003C-5BC4-C393-E70C-139DFEF3D9F4}"
EndProject
Project("{FAE04EC0-301F-11D3-BF4B-00C04F79EFBC}") = "Assembly-CSharp-Editor", "Assembly-CSharp-Editor.csproj", "{824E6B13-6195-1A1D-2E37-70C3CC03C502}"
EndProject
Global
	GlobalSection(SolutionConfigurationPlatforms) = preSolution
		Debug|Any CPU = Debug|Any CPU
		Release|Any CPU = Release|Any CPU
	EndGlobalSection
	GlobalSection(ProjectConfigurationPlatforms) = postSolution
		{9229003C-5BC4-C393-E70C-139DFEF3D9F4}.Debug|Any CPU.ActiveCfg = Debug|Any CPU
		{9229003C-5BC4-C393-E70C-139DFEF3D9F4}.Debug|Any CPU.Build.0 = Debug|Any CPU
		{9229003C-5BC4-C393-E70C-139DFEF3D9F4}.Release|Any CPU.ActiveCfg = Release|Any CPU
		{9229003C-5BC4-C393-E70C-139DFEF3D9F4}.Release|Any CPU.Build.0 = Release|Any CPU
		{824E6B13-6195-1A1D-2E37-70C3CC03C502}.Debug|Any CPU.ActiveCfg = Debug|Any CPU
		{824E6B13-6195-1A1D-2E37-70C3CC03C502}.Debug|Any CPU.Build.0 = Debug|Any CPU
		{824E6B13-6195-1A1D-2E37-70C3CC03C502}.Release|Any CPU.ActiveCfg = Release|Any CPU
		{824E6B13-6195-1A1D-2E37-70C3CC03C502}.Release|Any CPU.Build.0 = Release|Any CPU
	EndGlobalSection
	GlobalSection(SolutionProperties) = preSolution
		HideSolutionNode = FALSE
	EndGlobalSection
EndGlobal
